
Microsoft Visual Studio Solution File, Format Version 12.00
# Visual Studio Version 16
VisualStudioVersion = 16.0.30225.117
MinimumVisualStudioVersion = 10.0.40219.1
Project("{9A19103F-16F7-4668-BE54-9A1E7A4F7556}") = "TravelRouteOptimizer.API", "TravelRouteOptimizer.API.csproj", "{F30640FA-C73B-4F64-94B0-D0BB421B6F99}"
EndProject
Project("{9A19103F-16F7-4668-BE54-9A1E7A4F7556}") = "TravelRouteOptimizer", "..\TravelRouteOptimizer\TravelRouteOptimizer.csproj", "{FEA00E2C-6574-44BF-8B1E-3196D5944240}"
EndProject
Project("{FAE04EC0-301F-11D3-BF4B-00C04F79EFBC}") = "TravelRouteOptimizer.Utils", "..\TravelRouteOptimizer.Utils\TravelRouteOptimizer.Utils.csproj", "{0CAD6EC4-A56F-4876-BDDE-A1A9831996EF}"
EndProject
Project("{FAE04EC0-301F-11D3-BF4B-00C04F79EFBC}") = "TravelRouteOptimizerConsole", "..\TravelRouteOptimizerConsole\TravelRouteOptimizerConsole.csproj", "{0641B85E-5A93-432E-A534-A84A9B9850BB}"
EndProject
Global
	GlobalSection(SolutionConfigurationPlatforms) = preSolution
		Debug|Any CPU = Debug|Any CPU
		Release|Any CPU = Release|Any CPU
	EndGlobalSection
	GlobalSection(ProjectConfigurationPlatforms) = postSolution
		{F30640FA-C73B-4F64-94B0-D0BB421B6F99}.Debug|Any CPU.ActiveCfg = Debug|Any CPU
		{F30640FA-C73B-4F64-94B0-D0BB421B6F99}.Debug|Any CPU.Build.0 = Debug|Any CPU
		{F30640FA-C73B-4F64-94B0-D0BB421B6F99}.Release|Any CPU.ActiveCfg = Release|Any CPU
		{F30640FA-C73B-4F64-94B0-D0BB421B6F99}.Release|Any CPU.Build.0 = Release|Any CPU
		{FEA00E2C-6574-44BF-8B1E-3196D5944240}.Debug|Any CPU.ActiveCfg = Debug|Any CPU
		{FEA00E2C-6574-44BF-8B1E-3196D5944240}.Debug|Any CPU.Build.0 = Debug|Any CPU
		{FEA00E2C-6574-44BF-8B1E-3196D5944240}.Release|Any CPU.ActiveCfg = Release|Any CPU
		{FEA00E2C-6574-44BF-8B1E-3196D5944240}.Release|Any CPU.Build.0 = Release|Any CPU
		{0CAD6EC4-A56F-4876-BDDE-A1A9831996EF}.Debug|Any CPU.ActiveCfg = Debug|Any CPU
		{0CAD6EC4-A56F-4876-BDDE-A1A9831996EF}.Debug|Any CPU.Build.0 = Debug|Any CPU
		{0CAD6EC4-A56F-4876-BDDE-A1A9831996EF}.Release|Any CPU.ActiveCfg = Release|Any CPU
		{0CAD6EC4-A56F-4876-BDDE-A1A9831996EF}.Release|Any CPU.Build.0 = Release|Any CPU
		{0641B85E-5A93-432E-A534-A84A9B9850BB}.Debug|Any CPU.ActiveCfg = Debug|Any CPU
		{0641B85E-5A93-432E-A534-A84A9B9850BB}.Debug|Any CPU.Build.0 = Debug|Any CPU
		{0641B85E-5A93-432E-A534-A84A9B9850BB}.Release|Any CPU.ActiveCfg = Release|Any CPU
		{0641B85E-5A93-432E-A534-A84A9B9850BB}.Release|Any CPU.Build.0 = Release|Any CPU
	EndGlobalSection
	GlobalSection(SolutionProperties) = preSolution
		HideSolutionNode = FALSE
	EndGlobalSection
	GlobalSection(ExtensibilityGlobals) = postSolution
		SolutionGuid = {BB84B71C-614F-4C05-923B-7B7AEDB9411B}
	EndGlobalSection
EndGlobal
